// !$*UTF8*$!
{
	archiveVersion = 1;
	classes = {
	};
	objectVersion = 56;
	objects = {

/* Begin PBXBuildFile section */
		64C512862A2EA64D00990A52 /* TestFixApp.swift in Sources */ = {isa = PBXBuildFile; fileRef = 64C512852A2EA64D00990A52 /* TestFixApp.swift */; };
		64C512882A2EA64D00990A52 /* ContentView.swift in Sources */ = {isa = PBXBuildFile; fileRef = 64C512872A2EA64D00990A52 /* ContentView.swift */; };
		64C5128A2A2EA64E00990A52 /* Assets.xcassets in Resources */ = {isa = PBXBuildFile; fileRef = 64C512892A2EA64E00990A52 /* Assets.xcassets */; };
		64C5128D2A2EA64E00990A52 /* Preview Assets.xcassets in Resources */ = {isa = PBXBuildFile; fileRef = 64C5128C2A2EA64E00990A52 /* Preview Assets.xcassets */; };
		64C5129D2A2EB50B00990A52 /* CustomTextFieldStyle.swift in Sources */ = {isa = PBXBuildFile; fileRef = 64C5129C2A2EB50B00990A52 /* CustomTextFieldStyle.swift */; };
		64C5129F2A2EB53100990A52 /* ButtonBlue.swift in Sources */ = {isa = PBXBuildFile; fileRef = 64C5129E2A2EB53100990A52 /* ButtonBlue.swift */; };
		64C512A72A2EB5DE00990A52 /* Phrase.swift in Sources */ = {isa = PBXBuildFile; fileRef = 64C512A62A2EB5DE00990A52 /* Phrase.swift */; };
		64C512AB2A2EB61600990A52 /* PhraseViewModel.swift in Sources */ = {isa = PBXBuildFile; fileRef = 64C512AA2A2EB61600990A52 /* PhraseViewModel.swift */; };
		64C512AD2A2EB74400990A52 /* SettingsView.swift in Sources */ = {isa = PBXBuildFile; fileRef = 64C512AC2A2EB74400990A52 /* SettingsView.swift */; };
		64C512AF2A2EB8DC00990A52 /* FraseView.swift in Sources */ = {isa = PBXBuildFile; fileRef = 64C512AE2A2EB8DC00990A52 /* FraseView.swift */; };
/* End PBXBuildFile section */

/* Begin PBXFileReference section */
		64C512822A2EA64D00990A52 /* Aplicativofrase.app */ = {isa = PBXFileReference; explicitFileType = wrapper.application; includeInIndex = 0; path = Aplicativofrase.app; sourceTree = BUILT_PRODUCTS_DIR; };
		64C512852A2EA64D00990A52 /* TestFixApp.swift */ = {isa = PBXFileReference; lastKnownFileType = sourcecode.swift; path = TestFixApp.swift; sourceTree = "<group>"; };
		64C512872A2EA64D00990A52 /* ContentView.swift */ = {isa = PBXFileReference; lastKnownFileType = sourcecode.swift; path = ContentView.swift; sourceTree = "<group>"; };
		64C512892A2EA64E00990A52 /* Assets.xcassets */ = {isa = PBXFileReference; lastKnownFileType = folder.assetcatalog; path = Assets.xcassets; sourceTree = "<group>"; };
		64C5128C2A2EA64E00990A52 /* Preview Assets.xcassets */ = {isa = PBXFileReference; lastKnownFileType = folder.assetcatalog; path = "Preview Assets.xcassets"; sourceTree = "<group>"; };
		64C5129C2A2EB50B00990A52 /* CustomTextFieldStyle.swift */ = {isa = PBXFileReference; lastKnownFileType = sourcecode.swift; path = CustomTextFieldStyle.swift; sourceTree = "<group>"; };
		64C5129E2A2EB53100990A52 /* ButtonBlue.swift */ = {isa = PBXFileReference; lastKnownFileType = sourcecode.swift; path = ButtonBlue.swift; sourceTree = "<group>"; };
		64C512A62A2EB5DE00990A52 /* Phrase.swift */ = {isa = PBXFileReference; lastKnownFileType = sourcecode.swift; path = Phrase.swift; sourceTree = "<group>"; };
		64C512AA2A2EB61600990A52 /* PhraseViewModel.swift */ = {isa = PBXFileReference; lastKnownFileType = sourcecode.swift; path = PhraseViewModel.swift; sourceTree = "<group>"; };
		64C512AC2A2EB74400990A52 /* SettingsView.swift */ = {isa = PBXFileReference; lastKnownFileType = sourcecode.swift; path = SettingsView.swift; sourceTree = "<group>"; };
		64C512AE2A2EB8DC00990A52 /* FraseView.swift */ = {isa = PBXFileReference; lastKnownFileType = sourcecode.swift; path = FraseView.swift; sourceTree = "<group>"; };
/* End PBXFileReference section */

/* Begin PBXFrameworksBuildPhase section */
		64C5127F2A2EA64D00990A52 /* Frameworks */ = {
			isa = PBXFrameworksBuildPhase;
			buildActionMask = 2147483647;
			files = (
			);
			runOnlyForDeploymentPostprocessing = 0;
		};
/* End PBXFrameworksBuildPhase section */

/* Begin PBXGroup section */
		64C512792A2EA64D00990A52 = {
			isa = PBXGroup;
			children = (
				64C512842A2EA64D00990A52 /* TestFix */,
				64C512832A2EA64D00990A52 /* Products */,
			);
			sourceTree = "<group>";
		};
		64C512832A2EA64D00990A52 /* Products */ = {
			isa = PBXGroup;
			children = (
				64C512822A2EA64D00990A52 /* Aplicativofrase.app */,
			);
			name = Products;
			sourceTree = "<group>";
		};
		64C512842A2EA64D00990A52 /* TestFix */ = {
			isa = PBXGroup;
			children = (
				64C512A82A2EB5F300990A52 /* Features */,
				64C512A42A2EB5A100990A52 /* App */,
				64C5129A2A2EB4F600990A52 /* Utils */,
				64C512A32A2EB59700990A52 /* View */,
				64C512892A2EA64E00990A52 /* Assets.xcassets */,
				64C5128B2A2EA64E00990A52 /* Preview Content */,
			);
			path = TestFix;
			sourceTree = "<group>";
		};
		64C5128B2A2EA64E00990A52 /* Preview Content */ = {
			isa = PBXGroup;
			children = (
				64C5128C2A2EA64E00990A52 /* Preview Assets.xcassets */,
			);
			path = "Preview Content";
			sourceTree = "<group>";
		};
		64C5129A2A2EB4F600990A52 /* Utils */ = {
			isa = PBXGroup;
			children = (
				64C512A22A2EB56000990A52 /* UIComponents */,
				64C512A12A2EB55600990A52 /* Extensions */,
				64C512A02A2EB55000990A52 /* Protocols */,
				64C5129B2A2EB4FC00990A52 /* Styles */,
			);
			path = Utils;
			sourceTree = "<group>";
		};
		64C5129B2A2EB4FC00990A52 /* Styles */ = {
			isa = PBXGroup;
			children = (
				64C5129C2A2EB50B00990A52 /* CustomTextFieldStyle.swift */,
				64C5129E2A2EB53100990A52 /* ButtonBlue.swift */,
			);
			path = Styles;
			sourceTree = "<group>";
		};
		64C512A02A2EB55000990A52 /* Protocols */ = {
			isa = PBXGroup;
			children = (
			);
			path = Protocols;
			sourceTree = "<group>";
		};
		64C512A12A2EB55600990A52 /* Extensions */ = {
			isa = PBXGroup;
			children = (
			);
			path = Extensions;
			sourceTree = "<group>";
		};
		64C512A22A2EB56000990A52 /* UIComponents */ = {
			isa = PBXGroup;
			children = (
			);
			path = UIComponents;
			sourceTree = "<group>";
		};
		64C512A32A2EB59700990A52 /* View */ = {
			isa = PBXGroup;
			children = (
				64C512872A2EA64D00990A52 /* ContentView.swift */,
				64C512AC2A2EB74400990A52 /* SettingsView.swift */,
				64C512AE2A2EB8DC00990A52 /* FraseView.swift */,
			);
			path = View;
			sourceTree = "<group>";
		};
		64C512A42A2EB5A100990A52 /* App */ = {
			isa = PBXGroup;
			children = (
				64C512852A2EA64D00990A52 /* TestFixApp.swift */,
			);
			path = App;
			sourceTree = "<group>";
		};
		64C512A82A2EB5F300990A52 /* Features */ = {
			isa = PBXGroup;
			children = (
				64C512A92A2EB5F900990A52 /* Phase */,
			);
			path = Features;
			sourceTree = "<group>";
		};
		64C512A92A2EB5F900990A52 /* Phase */ = {
			isa = PBXGroup;
			children = (
				64C512A62A2EB5DE00990A52 /* Phrase.swift */,
				64C512AA2A2EB61600990A52 /* PhraseViewModel.swift */,
			);
			path = Phase;
			sourceTree = "<group>";
		};
/* End PBXGroup section */

/* Begin PBXNativeTarget section */
		64C512812A2EA64D00990A52 /* Aplicativofrase */ = {
			isa = PBXNativeTarget;
			buildConfigurationList = 64C512902A2EA64E00990A52 /* Build configuration list for PBXNativeTarget "Aplicativofrase" */;
			buildPhases = (
				64C5127E2A2EA64D00990A52 /* Sources */,
				64C5127F2A2EA64D00990A52 /* Frameworks */,
				64C512802A2EA64D00990A52 /* Resources */,
			);
			buildRules = (
			);
			dependencies = (
			);
			name = Aplicativofrase;
			productName = TestFix;
			productReference = 64C512822A2EA64D00990A52 /* Aplicativofrase.app */;
			productType = "com.apple.product-type.application";
		};
/* End PBXNativeTarget section */

/* Begin PBXProject section */
		64C5127A2A2EA64D00990A52 /* Project object */ = {
			isa = PBXProject;
			attributes = {
				BuildIndependentTargetsInParallel = 1;
				LastSwiftUpdateCheck = 1420;
				LastUpgradeCheck = 1420;
				TargetAttributes = {
					64C512812A2EA64D00990A52 = {
						CreatedOnToolsVersion = 14.2;
					};
				};
			};
			buildConfigurationList = 64C5127D2A2EA64D00990A52 /* Build configuration list for PBXProject "Aplicativofrase" */;
			compatibilityVersion = "Xcode 14.0";
			developmentRegion = en;
			hasScannedForEncodings = 0;
			knownRegions = (
				en,
				Base,
			);
			mainGroup = 64C512792A2EA64D00990A52;
			productRefGroup = 64C512832A2EA64D00990A52 /* Products */;
			projectDirPath = "";
			projectRoot = "";
			targets = (
				64C512812A2EA64D00990A52 /* Aplicativofrase */,
			);
		};
/* End PBXProject section */

/* Begin PBXResourcesBuildPhase section */
		64C512802A2EA64D00990A52 /* Resources */ = {
			isa = PBXResourcesBuildPhase;
			buildActionMask = 2147483647;
			files = (
				64C5128D2A2EA64E00990A52 /* Preview Assets.xcassets in Resources */,
				64C5128A2A2EA64E00990A52 /* Assets.xcassets in Resources */,
			);
			runOnlyForDeploymentPostprocessing = 0;
		};
/* End PBXResourcesBuildPhase section */

/* Begin PBXSourcesBuildPhase section */
		64C5127E2A2EA64D00990A52 /* Sources */ = {
			isa = PBXSourcesBuildPhase;
			buildActionMask = 2147483647;
			files = (
				64C512AD2A2EB74400990A52 /* SettingsView.swift in Sources */,
				64C512882A2EA64D00990A52 /* ContentView.swift in Sources */,
				64C512A72A2EB5DE00990A52 /* Phrase.swift in Sources */,
				64C512862A2EA64D00990A52 /* TestFixApp.swift in Sources */,
				64C512AB2A2EB61600990A52 /* PhraseViewModel.swift in Sources */,
				64C5129D2A2EB50B00990A52 /* CustomTextFieldStyle.swift in Sources */,
				64C512AF2A2EB8DC00990A52 /* FraseView.swift in Sources */,
				64C5129F2A2EB53100990A52 /* ButtonBlue.swift in Sources */,
			);
			runOnlyForDeploymentPostprocessing = 0;
		};
/* End PBXSourcesBuildPhase section */

/* Begin XCBuildConfiguration section */
		64C5128E2A2EA64E00990A52 /* Debug */ = {
			isa = XCBuildConfiguration;
			buildSettings = {
				ALWAYS_SEARCH_USER_PATHS = NO;
				CLANG_ANALYZER_NONNULL = YES;
				CLANG_ANALYZER_NUMBER_OBJECT_CONVERSION = YES_AGGRESSIVE;
				CLANG_CXX_LANGUAGE_STANDARD = "gnu++20";
				CLANG_ENABLE_MODULES = YES;
				CLANG_ENABLE_OBJC_ARC = YES;
				CLANG_ENABLE_OBJC_WEAK = YES;
				CLANG_WARN_BLOCK_CAPTURE_AUTORELEASING = YES;
				CLANG_WARN_BOOL_CONVERSION = YES;
				CLANG_WARN_COMMA = YES;
				CLANG_WARN_CONSTANT_CONVERSION = YES;
				CLANG_WARN_DEPRECATED_OBJC_IMPLEMENTATIONS = YES;
				CLANG_WARN_DIRECT_OBJC_ISA_USAGE = YES_ERROR;
				CLANG_WARN_DOCUMENTATION_COMMENTS = YES;
				CLANG_WARN_EMPTY_BODY = YES;
				CLANG_WARN_ENUM_CONVERSION = YES;
				CLANG_WARN_INFINITE_RECURSION = YES;
				CLANG_WARN_INT_CONVERSION = YES;
				CLANG_WARN_NON_LITERAL_NULL_CONVERSION = YES;
				CLANG_WARN_OBJC_IMPLICIT_RETAIN_SELF = YES;
				CLANG_WARN_OBJC_LITERAL_CONVERSION = YES;
				CLANG_WARN_OBJC_ROOT_CLASS = YES_ERROR;
				CLANG_WARN_QUOTED_INCLUDE_IN_FRAMEWORK_HEADER = YES;
				CLANG_WARN_RANGE_LOOP_ANALYSIS = YES;
				CLANG_WARN_STRICT_PROTOTYPES = YES;
				CLANG_WARN_SUSPICIOUS_MOVE = YES;
				CLANG_WARN_UNGUARDED_AVAILABILITY = YES_AGGRESSIVE;
				CLANG_WARN_UNREACHABLE_CODE = YES;
				CLANG_WARN__DUPLICATE_METHOD_MATCH = YES;
				COPY_PHASE_STRIP = NO;
				DEBUG_INFORMATION_FORMAT = dwarf;
				ENABLE_STRICT_OBJC_MSGSEND = YES;
				ENABLE_TESTABILITY = YES;
				GCC_C_LANGUAGE_STANDARD = gnu11;
				GCC_DYNAMIC_NO_PIC = NO;
				GCC_NO_COMMON_BLOCKS = YES;
				GCC_OPTIMIZATION_LEVEL = 0;
				GCC_PREPROCESSOR_DEFINITIONS = (
					"DEBUG=1",
					"$(inherited)",
				);
				GCC_WARN_64_TO_32_BIT_CONVERSION = YES;
				GCC_WARN_ABOUT_RETURN_TYPE = YES_ERROR;
				GCC_WARN_UNDECLARED_SELECTOR = YES;
				GCC_WARN_UNINITIALIZED_AUTOS = YES_AGGRESSIVE;
				GCC_WARN_UNUSED_FUNCTION = YES;
				GCC_WARN_UNUSED_VARIABLE = YES;
				IPHONEOS_DEPLOYMENT_TARGET = 16.2;
				MTL_ENABLE_DEBUG_INFO = INCLUDE_SOURCE;
				MTL_FAST_MATH = YES;
				ONLY_ACTIVE_ARCH = YES;
				SDKROOT = iphoneos;
				SWIFT_ACTIVE_COMPILATION_CONDITIONS = DEBUG;
				SWIFT_OPTIMIZATION_LEVEL = "-Onone";
			};
			name = Debug;
		};
		64C5128F2A2EA64E00990A52 /* Release */ = {
			isa = XCBuildConfiguration;
			buildSettings = {
				ALWAYS_SEARCH_USER_PATHS = NO;
				CLANG_ANALYZER_NONNULL = YES;
				CLANG_ANALYZER_NUMBER_OBJECT_CONVERSION = YES_AGGRESSIVE;
				CLANG_CXX_LANGUAGE_STANDARD = "gnu++20";
				CLANG_ENABLE_MODULES = YES;
				CLANG_ENABLE_OBJC_ARC = YES;
				CLANG_ENABLE_OBJC_WEAK = YES;
				CLANG_WARN_BLOCK_CAPTURE_AUTORELEASING = YES;
				CLANG_WARN_BOOL_CONVERSION = YES;
				CLANG_WARN_COMMA = YES;
				CLANG_WARN_CONSTANT_CONVERSION = YES;
				CLANG_WARN_DEPRECATED_OBJC_IMPLEMENTATIONS = YES;
				CLANG_WARN_DIRECT_OBJC_ISA_USAGE = YES_ERROR;
				CLANG_WARN_DOCUMENTATION_COMMENTS = YES;
				CLANG_WARN_EMPTY_BODY = YES;
				CLANG_WARN_ENUM_CONVERSION = YES;
				CLANG_WARN_INFINITE_RECURSION = YES;
				CLANG_WARN_INT_CONVERSION = YES;
				CLANG_WARN_NON_LITERAL_NULL_CONVERSION = YES;
				CLANG_WARN_OBJC_IMPLICIT_RETAIN_SELF = YES;
				CLANG_WARN_OBJC_LITERAL_CONVERSION = YES;
				CLANG_WARN_OBJC_ROOT_CLASS = YES_ERROR;
				CLANG_WARN_QUOTED_INCLUDE_IN_FRAMEWORK_HEADER = YES;
				CLANG_WARN_RANGE_LOOP_ANALYSIS = YES;
				CLANG_WARN_STRICT_PROTOTYPES = YES;
				CLANG_WARN_SUSPICIOUS_MOVE = YES;
				CLANG_WARN_UNGUARDED_AVAILABILITY = YES_AGGRESSIVE;
				CLANG_WARN_UNREACHABLE_CODE = YES;
				CLANG_WARN__DUPLICATE_METHOD_MATCH = YES;
				COPY_PHASE_STRIP = NO;
				DEBUG_INFORMATION_FORMAT = "dwarf-with-dsym";
				ENABLE_NS_ASSERTIONS = NO;
				ENABLE_STRICT_OBJC_MSGSEND = YES;
				GCC_C_LANGUAGE_STANDARD = gnu11;
				GCC_NO_COMMON_BLOCKS = YES;
				GCC_WARN_64_TO_32_BIT_CONVERSION = YES;
				GCC_WARN_ABOUT_RETURN_TYPE = YES_ERROR;
				GCC_WARN_UNDECLARED_SELECTOR = YES;
				GCC_WARN_UNINITIALIZED_AUTOS = YES_AGGRESSIVE;
				GCC_WARN_UNUSED_FUNCTION = YES;
				GCC_WARN_UNUSED_VARIABLE = YES;
				IPHONEOS_DEPLOYMENT_TARGET = 16.2;
				MTL_ENABLE_DEBUG_INFO = NO;
				MTL_FAST_MATH = YES;
				SDKROOT = iphoneos;
				SWIFT_COMPILATION_MODE = wholemodule;
				SWIFT_OPTIMIZATION_LEVEL = "-O";
				VALIDATE_PRODUCT = YES;
			};
			name = Release;
		};
		64C512912A2EA64E00990A52 /* Debug */ = {
			isa = XCBuildConfiguration;
			buildSettings = {
				ASSETCATALOG_COMPILER_APPICON_NAME = AppIcon;
				ASSETCATALOG_COMPILER_GLOBAL_ACCENT_COLOR_NAME = AccentColor;
				CODE_SIGN_STYLE = Automatic;
				CURRENT_PROJECT_VERSION = 1;
				DEVELOPMENT_ASSET_PATHS = "\"TestFix/Preview Content\"";
				ENABLE_PREVIEWS = YES;
				GENERATE_INFOPLIST_FILE = YES;
				INFOPLIST_KEY_UIApplicationSceneManifest_Generation = YES;
				INFOPLIST_KEY_UIApplicationSupportsIndirectInputEvents = YES;
				INFOPLIST_KEY_UILaunchScreen_Generation = YES;
				INFOPLIST_KEY_UISupportedInterfaceOrientations_iPad = "UIInterfaceOrientationPortrait UIInterfaceOrientationPortraitUpsideDown UIInterfaceOrientationLandscapeLeft UIInterfaceOrientationLandscapeRight";
				INFOPLIST_KEY_UISupportedInterfaceOrientations_iPhone = "UIInterfaceOrientationPortrait UIInterfaceOrientationLandscapeLeft UIInterfaceOrientationLandscapeRight";
				LD_RUNPATH_SEARCH_PATHS = (
					"$(inherited)",
					"@executable_path/Frameworks",
				);
				MARKETING_VERSION = 1.0;
				PRODUCT_BUNDLE_IDENTIFIER = gabriel.TestFix;
				PRODUCT_NAME = "$(TARGET_NAME)";
				SWIFT_EMIT_LOC_STRINGS = YES;
				SWIFT_VERSION = 5.0;
				TARGETED_DEVICE_FAMILY = "1,2";
			};
			name = Debug;
		};
		64C512922A2EA64E00990A52 /* Release */ = {
			isa = XCBuildConfiguration;
			buildSettings = {
				ASSETCATALOG_COMPILER_APPICON_NAME = AppIcon;
				ASSETCATALOG_COMPILER_GLOBAL_ACCENT_COLOR_NAME = AccentColor;
				CODE_SIGN_STYLE = Automatic;
				CURRENT_PROJECT_VERSION = 1;
				DEVELOPMENT_ASSET_PATHS = "\"TestFix/Preview Content\"";
				ENABLE_PREVIEWS = YES;
				GENERATE_INFOPLIST_FILE = YES;
				INFOPLIST_KEY_UIApplicationSceneManifest_Generation = YES;
				INFOPLIST_KEY_UIApplicationSupportsIndirectInputEvents = YES;
				INFOPLIST_KEY_UILaunchScreen_Generation = YES;
				INFOPLIST_KEY_UISupportedInterfaceOrientations_iPad = "UIInterfaceOrientationPortrait UIInterfaceOrientationPortraitUpsideDown UIInterfaceOrientationLandscapeLeft UIInterfaceOrientationLandscapeRight";
				INFOPLIST_KEY_UISupportedInterfaceOrientations_iPhone = "UIInterfaceOrientationPortrait UIInterfaceOrientationLandscapeLeft UIInterfaceOrientationLandscapeRight";
				LD_RUNPATH_SEARCH_PATHS = (
					"$(inherited)",
					"@executable_path/Frameworks",
				);
				MARKETING_VERSION = 1.0;
				PRODUCT_BUNDLE_IDENTIFIER = gabriel.TestFix;
				PRODUCT_NAME = "$(TARGET_NAME)";
				SWIFT_EMIT_LOC_STRINGS = YES;
				SWIFT_VERSION = 5.0;
				TARGETED_DEVICE_FAMILY = "1,2";
			};
			name = Release;
		};
/* End XCBuildConfiguration section */

/* Begin XCConfigurationList section */
		64C5127D2A2EA64D00990A52 /* Build configuration list for PBXProject "Aplicativofrase" */ = {
			isa = XCConfigurationList;
			buildConfigurations = (
				64C5128E2A2EA64E00990A52 /* Debug */,
				64C5128F2A2EA64E00990A52 /* Release */,
			);
			defaultConfigurationIsVisible = 0;
			defaultConfigurationName = Release;
		};
		64C512902A2EA64E00990A52 /* Build configuration list for PBXNativeTarget "Aplicativofrase" */ = {
			isa = XCConfigurationList;
			buildConfigurations = (
				64C512912A2EA64E00990A52 /* Debug */,
				64C512922A2EA64E00990A52 /* Release */,
			);
			defaultConfigurationIsVisible = 0;
			defaultConfigurationName = Release;
		};
/* End XCConfigurationList section */
	};
	rootObject = 64C5127A2A2EA64D00990A52 /* Project object */;
}
