// !$*UTF8*$!
{
	archiveVersion = 1;
	classes = {
	};
	objectVersion = 56;
	objects = {

/* Begin PBXBuildFile section */
		649DCD002A16F93800758751 /* aplicativoApp.swift in Sources */ = {isa = PBXBuildFile; fileRef = 649DCCFF2A16F93800758751 /* aplicativoApp.swift */; };
		649DCD022A16F93800758751 /* ContentView.swift in Sources */ = {isa = PBXBuildFile; fileRef = 649DCD012A16F93800758751 /* ContentView.swift */; };
		649DCD042A16F93B00758751 /* Assets.xcassets in Resources */ = {isa = PBXBuildFile; fileRef = 649DCD032A16F93B00758751 /* Assets.xcassets */; };
		649DCD072A16F93B00758751 /* Preview Assets.xcassets in Resources */ = {isa = PBXBuildFile; fileRef = 649DCD062A16F93B00758751 /* Preview Assets.xcassets */; };
		649DCD112A16F93B00758751 /* aplicativoTests.swift in Sources */ = {isa = PBXBuildFile; fileRef = 649DCD102A16F93B00758751 /* aplicativoTests.swift */; };
		649DCD1B2A16F93C00758751 /* aplicativoUITests.swift in Sources */ = {isa = PBXBuildFile; fileRef = 649DCD1A2A16F93C00758751 /* aplicativoUITests.swift */; };
		649DCD1D2A16F93C00758751 /* aplicativoUITestsLaunchTests.swift in Sources */ = {isa = PBXBuildFile; fileRef = 649DCD1C2A16F93C00758751 /* aplicativoUITestsLaunchTests.swift */; };
/* End PBXBuildFile section */

/* Begin PBXContainerItemProxy section */
		649DCD0D2A16F93B00758751 /* PBXContainerItemProxy */ = {
			isa = PBXContainerItemProxy;
			containerPortal = 649DCCF42A16F93800758751 /* Project object */;
			proxyType = 1;
			remoteGlobalIDString = 649DCCFB2A16F93800758751;
			remoteInfo = aplicativo;
		};
		649DCD172A16F93C00758751 /* PBXContainerItemProxy */ = {
			isa = PBXContainerItemProxy;
			containerPortal = 649DCCF42A16F93800758751 /* Project object */;
			proxyType = 1;
			remoteGlobalIDString = 649DCCFB2A16F93800758751;
			remoteInfo = aplicativo;
		};
/* End PBXContainerItemProxy section */

/* Begin PBXFileReference section */
		649DCCFC2A16F93800758751 /* aplicativo.app */ = {isa = PBXFileReference; explicitFileType = wrapper.application; includeInIndex = 0; path = aplicativo.app; sourceTree = BUILT_PRODUCTS_DIR; };
		649DCCFF2A16F93800758751 /* aplicativoApp.swift */ = {isa = PBXFileReference; lastKnownFileType = sourcecode.swift; path = aplicativoApp.swift; sourceTree = "<group>"; };
		649DCD012A16F93800758751 /* ContentView.swift */ = {isa = PBXFileReference; lastKnownFileType = sourcecode.swift; path = ContentView.swift; sourceTree = "<group>"; };
		649DCD032A16F93B00758751 /* Assets.xcassets */ = {isa = PBXFileReference; lastKnownFileType = folder.assetcatalog; path = Assets.xcassets; sourceTree = "<group>"; };
		649DCD062A16F93B00758751 /* Preview Assets.xcassets */ = {isa = PBXFileReference; lastKnownFileType = folder.assetcatalog; path = "Preview Assets.xcassets"; sourceTree = "<group>"; };
		649DCD0C2A16F93B00758751 /* aplicativoTests.xctest */ = {isa = PBXFileReference; explicitFileType = wrapper.cfbundle; includeInIndex = 0; path = aplicativoTests.xctest; sourceTree = BUILT_PRODUCTS_DIR; };
		649DCD102A16F93B00758751 /* aplicativoTests.swift */ = {isa = PBXFileReference; lastKnownFileType = sourcecode.swift; path = aplicativoTests.swift; sourceTree = "<group>"; };
		649DCD162A16F93C00758751 /* aplicativoUITests.xctest */ = {isa = PBXFileReference; explicitFileType = wrapper.cfbundle; includeInIndex = 0; path = aplicativoUITests.xctest; sourceTree = BUILT_PRODUCTS_DIR; };
		649DCD1A2A16F93C00758751 /* aplicativoUITests.swift */ = {isa = PBXFileReference; lastKnownFileType = sourcecode.swift; path = aplicativoUITests.swift; sourceTree = "<group>"; };
		649DCD1C2A16F93C00758751 /* aplicativoUITestsLaunchTests.swift */ = {isa = PBXFileReference; lastKnownFileType = sourcecode.swift; path = aplicativoUITestsLaunchTests.swift; sourceTree = "<group>"; };
/* End PBXFileReference section */

/* Begin PBXFrameworksBuildPhase section */
		649DCCF92A16F93800758751 /* Frameworks */ = {
			isa = PBXFrameworksBuildPhase;
			buildActionMask = 2147483647;
			files = (
			);
			runOnlyForDeploymentPostprocessing = 0;
		};
		649DCD092A16F93B00758751 /* Frameworks */ = {
			isa = PBXFrameworksBuildPhase;
			buildActionMask = 2147483647;
			files = (
			);
			runOnlyForDeploymentPostprocessing = 0;
		};
		649DCD132A16F93C00758751 /* Frameworks */ = {
			isa = PBXFrameworksBuildPhase;
			buildActionMask = 2147483647;
			files = (
			);
			runOnlyForDeploymentPostprocessing = 0;
		};
/* End PBXFrameworksBuildPhase section */

/* Begin PBXGroup section */
		649DCCF32A16F93800758751 = {
			isa = PBXGroup;
			children = (
				649DCCFE2A16F93800758751 /* aplicativo */,
				649DCD0F2A16F93B00758751 /* aplicativoTests */,
				649DCD192A16F93C00758751 /* aplicativoUITests */,
				649DCCFD2A16F93800758751 /* Products */,
			);
			sourceTree = "<group>";
		};
		649DCCFD2A16F93800758751 /* Products */ = {
			isa = PBXGroup;
			children = (
				649DCCFC2A16F93800758751 /* aplicativo.app */,
				649DCD0C2A16F93B00758751 /* aplicativoTests.xctest */,
				649DCD162A16F93C00758751 /* aplicativoUITests.xctest */,
			);
			name = Products;
			sourceTree = "<group>";
		};
		649DCCFE2A16F93800758751 /* aplicativo */ = {
			isa = PBXGroup;
			children = (
				649DCCFF2A16F93800758751 /* aplicativoApp.swift */,
				649DCD012A16F93800758751 /* ContentView.swift */,
				649DCD032A16F93B00758751 /* Assets.xcassets */,
				649DCD052A16F93B00758751 /* Preview Content */,
			);
			path = aplicativo;
			sourceTree = "<group>";
		};
		649DCD052A16F93B00758751 /* Preview Content */ = {
			isa = PBXGroup;
			children = (
				649DCD062A16F93B00758751 /* Preview Assets.xcassets */,
			);
			path = "Preview Content";
			sourceTree = "<group>";
		};
		649DCD0F2A16F93B00758751 /* aplicativoTests */ = {
			isa = PBXGroup;
			children = (
				649DCD102A16F93B00758751 /* aplicativoTests.swift */,
			);
			path = aplicativoTests;
			sourceTree = "<group>";
		};
		649DCD192A16F93C00758751 /* aplicativoUITests */ = {
			isa = PBXGroup;
			children = (
				649DCD1A2A16F93C00758751 /* aplicativoUITests.swift */,
				649DCD1C2A16F93C00758751 /* aplicativoUITestsLaunchTests.swift */,
			);
			path = aplicativoUITests;
			sourceTree = "<group>";
		};
/* End PBXGroup section */

/* Begin PBXNativeTarget section */
		649DCCFB2A16F93800758751 /* aplicativo */ = {
			isa = PBXNativeTarget;
			buildConfigurationList = 649DCD202A16F93C00758751 /* Build configuration list for PBXNativeTarget "aplicativo" */;
			buildPhases = (
				649DCCF82A16F93800758751 /* Sources */,
				649DCCF92A16F93800758751 /* Frameworks */,
				649DCCFA2A16F93800758751 /* Resources */,
			);
			buildRules = (
			);
			dependencies = (
			);
			name = aplicativo;
			productName = aplicativo;
			productReference = 649DCCFC2A16F93800758751 /* aplicativo.app */;
			productType = "com.apple.product-type.application";
		};
		649DCD0B2A16F93B00758751 /* aplicativoTests */ = {
			isa = PBXNativeTarget;
			buildConfigurationList = 649DCD232A16F93C00758751 /* Build configuration list for PBXNativeTarget "aplicativoTests" */;
			buildPhases = (
				649DCD082A16F93B00758751 /* Sources */,
				649DCD092A16F93B00758751 /* Frameworks */,
				649DCD0A2A16F93B00758751 /* Resources */,
			);
			buildRules = (
			);
			dependencies = (
				649DCD0E2A16F93B00758751 /* PBXTargetDependency */,
			);
			name = aplicativoTests;
			productName = aplicativoTests;
			productReference = 649DCD0C2A16F93B00758751 /* aplicativoTests.xctest */;
			productType = "com.apple.product-type.bundle.unit-test";
		};
		649DCD152A16F93C00758751 /* aplicativoUITests */ = {
			isa = PBXNativeTarget;
			buildConfigurationList = 649DCD262A16F93C00758751 /* Build configuration list for PBXNativeTarget "aplicativoUITests" */;
			buildPhases = (
				649DCD122A16F93C00758751 /* Sources */,
				649DCD132A16F93C00758751 /* Frameworks */,
				649DCD142A16F93C00758751 /* Resources */,
			);
			buildRules = (
			);
			dependencies = (
				649DCD182A16F93C00758751 /* PBXTargetDependency */,
			);
			name = aplicativoUITests;
			productName = aplicativoUITests;
			productReference = 649DCD162A16F93C00758751 /* aplicativoUITests.xctest */;
			productType = "com.apple.product-type.bundle.ui-testing";
		};
/* End PBXNativeTarget section */

/* Begin PBXProject section */
		649DCCF42A16F93800758751 /* Project object */ = {
			isa = PBXProject;
			attributes = {
				BuildIndependentTargetsInParallel = 1;
				LastSwiftUpdateCheck = 1420;
				LastUpgradeCheck = 1420;
				TargetAttributes = {
					649DCCFB2A16F93800758751 = {
						CreatedOnToolsVersion = 14.2;
					};
					649DCD0B2A16F93B00758751 = {
						CreatedOnToolsVersion = 14.2;
						TestTargetID = 649DCCFB2A16F93800758751;
					};
					649DCD152A16F93C00758751 = {
						CreatedOnToolsVersion = 14.2;
						TestTargetID = 649DCCFB2A16F93800758751;
					};
				};
			};
			buildConfigurationList = 649DCCF72A16F93800758751 /* Build configuration list for PBXProject "aplicativo" */;
			compatibilityVersion = "Xcode 14.0";
			developmentRegion = en;
			hasScannedForEncodings = 0;
			knownRegions = (
				en,
				Base,
			);
			mainGroup = 649DCCF32A16F93800758751;
			productRefGroup = 649DCCFD2A16F93800758751 /* Products */;
			projectDirPath = "";
			projectRoot = "";
			targets = (
				649DCCFB2A16F93800758751 /* aplicativo */,
				649DCD0B2A16F93B00758751 /* aplicativoTests */,
				649DCD152A16F93C00758751 /* aplicativoUITests */,
			);
		};
/* End PBXProject section */

/* Begin PBXResourcesBuildPhase section */
		649DCCFA2A16F93800758751 /* Resources */ = {
			isa = PBXResourcesBuildPhase;
			buildActionMask = 2147483647;
			files = (
				649DCD072A16F93B00758751 /* Preview Assets.xcassets in Resources */,
				649DCD042A16F93B00758751 /* Assets.xcassets in Resources */,
			);
			runOnlyForDeploymentPostprocessing = 0;
		};
		649DCD0A2A16F93B00758751 /* Resources */ = {
			isa = PBXResourcesBuildPhase;
			buildActionMask = 2147483647;
			files = (
			);
			runOnlyForDeploymentPostprocessing = 0;
		};
		649DCD142A16F93C00758751 /* Resources */ = {
			isa = PBXResourcesBuildPhase;
			buildActionMask = 2147483647;
			files = (
			);
			runOnlyForDeploymentPostprocessing = 0;
		};
/* End PBXResourcesBuildPhase section */

/* Begin PBXSourcesBuildPhase section */
		649DCCF82A16F93800758751 /* Sources */ = {
			isa = PBXSourcesBuildPhase;
			buildActionMask = 2147483647;
			files = (
				649DCD022A16F93800758751 /* ContentView.swift in Sources */,
				649DCD002A16F93800758751 /* aplicativoApp.swift in Sources */,
			);
			runOnlyForDeploymentPostprocessing = 0;
		};
		649DCD082A16F93B00758751 /* Sources */ = {
			isa = PBXSourcesBuildPhase;
			buildActionMask = 2147483647;
			files = (
				649DCD112A16F93B00758751 /* aplicativoTests.swift in Sources */,
			);
			runOnlyForDeploymentPostprocessing = 0;
		};
		649DCD122A16F93C00758751 /* Sources */ = {
			isa = PBXSourcesBuildPhase;
			buildActionMask = 2147483647;
			files = (
				649DCD1D2A16F93C00758751 /* aplicativoUITestsLaunchTests.swift in Sources */,
				649DCD1B2A16F93C00758751 /* aplicativoUITests.swift in Sources */,
			);
			runOnlyForDeploymentPostprocessing = 0;
		};
/* End PBXSourcesBuildPhase section */

/* Begin PBXTargetDependency section */
		649DCD0E2A16F93B00758751 /* PBXTargetDependency */ = {
			isa = PBXTargetDependency;
			target = 649DCCFB2A16F93800758751 /* aplicativo */;
			targetProxy = 649DCD0D2A16F93B00758751 /* PBXContainerItemProxy */;
		};
		649DCD182A16F93C00758751 /* PBXTargetDependency */ = {
			isa = PBXTargetDependency;
			target = 649DCCFB2A16F93800758751 /* aplicativo */;
			targetProxy = 649DCD172A16F93C00758751 /* PBXContainerItemProxy */;
		};
/* End PBXTargetDependency section */

/* Begin XCBuildConfiguration section */
		649DCD1E2A16F93C00758751 /* Debug */ = {
			isa = XCBuildConfiguration;
			buildSettings = {
				ALWAYS_SEARCH_USER_PATHS = NO;
				CLANG_ANALYZER_NONNULL = YES;
				CLANG_ANALYZER_NUMBER_OBJECT_CONVERSION = YES_AGGRESSIVE;
				CLANG_CXX_LANGUAGE_STANDARD = "gnu++20";
				CLANG_ENABLE_MODULES = YES;
				CLANG_ENABLE_OBJC_ARC = YES;
				CLANG_ENABLE_OBJC_WEAK = YES;
				CLANG_WARN_BLOCK_CAPTURE_AUTORELEASING = YES;
				CLANG_WARN_BOOL_CONVERSION = YES;
				CLANG_WARN_COMMA = YES;
				CLANG_WARN_CONSTANT_CONVERSION = YES;
				CLANG_WARN_DEPRECATED_OBJC_IMPLEMENTATIONS = YES;
				CLANG_WARN_DIRECT_OBJC_ISA_USAGE = YES_ERROR;
				CLANG_WARN_DOCUMENTATION_COMMENTS = YES;
				CLANG_WARN_EMPTY_BODY = YES;
				CLANG_WARN_ENUM_CONVERSION = YES;
				CLANG_WARN_INFINITE_RECURSION = YES;
				CLANG_WARN_INT_CONVERSION = YES;
				CLANG_WARN_NON_LITERAL_NULL_CONVERSION = YES;
				CLANG_WARN_OBJC_IMPLICIT_RETAIN_SELF = YES;
				CLANG_WARN_OBJC_LITERAL_CONVERSION = YES;
				CLANG_WARN_OBJC_ROOT_CLASS = YES_ERROR;
				CLANG_WARN_QUOTED_INCLUDE_IN_FRAMEWORK_HEADER = YES;
				CLANG_WARN_RANGE_LOOP_ANALYSIS = YES;
				CLANG_WARN_STRICT_PROTOTYPES = YES;
				CLANG_WARN_SUSPICIOUS_MOVE = YES;
				CLANG_WARN_UNGUARDED_AVAILABILITY = YES_AGGRESSIVE;
				CLANG_WARN_UNREACHABLE_CODE = YES;
				CLANG_WARN__DUPLICATE_METHOD_MATCH = YES;
				COPY_PHASE_STRIP = NO;
				DEBUG_INFORMATION_FORMAT = dwarf;
				ENABLE_STRICT_OBJC_MSGSEND = YES;
				ENABLE_TESTABILITY = YES;
				GCC_C_LANGUAGE_STANDARD = gnu11;
				GCC_DYNAMIC_NO_PIC = NO;
				GCC_NO_COMMON_BLOCKS = YES;
				GCC_OPTIMIZATION_LEVEL = 0;
				GCC_PREPROCESSOR_DEFINITIONS = (
					"DEBUG=1",
					"$(inherited)",
				);
				GCC_WARN_64_TO_32_BIT_CONVERSION = YES;
				GCC_WARN_ABOUT_RETURN_TYPE = YES_ERROR;
				GCC_WARN_UNDECLARED_SELECTOR = YES;
				GCC_WARN_UNINITIALIZED_AUTOS = YES_AGGRESSIVE;
				GCC_WARN_UNUSED_FUNCTION = YES;
				GCC_WARN_UNUSED_VARIABLE = YES;
				IPHONEOS_DEPLOYMENT_TARGET = 16.2;
				MTL_ENABLE_DEBUG_INFO = INCLUDE_SOURCE;
				MTL_FAST_MATH = YES;
				ONLY_ACTIVE_ARCH = YES;
				SDKROOT = iphoneos;
				SWIFT_ACTIVE_COMPILATION_CONDITIONS = DEBUG;
				SWIFT_OPTIMIZATION_LEVEL = "-Onone";
			};
			name = Debug;
		};
		649DCD1F2A16F93C00758751 /* Release */ = {
			isa = XCBuildConfiguration;
			buildSettings = {
				ALWAYS_SEARCH_USER_PATHS = NO;
				CLANG_ANALYZER_NONNULL = YES;
				CLANG_ANALYZER_NUMBER_OBJECT_CONVERSION = YES_AGGRESSIVE;
				CLANG_CXX_LANGUAGE_STANDARD = "gnu++20";
				CLANG_ENABLE_MODULES = YES;
				CLANG_ENABLE_OBJC_ARC = YES;
				CLANG_ENABLE_OBJC_WEAK = YES;
				CLANG_WARN_BLOCK_CAPTURE_AUTORELEASING = YES;
				CLANG_WARN_BOOL_CONVERSION = YES;
				CLANG_WARN_COMMA = YES;
				CLANG_WARN_CONSTANT_CONVERSION = YES;
				CLANG_WARN_DEPRECATED_OBJC_IMPLEMENTATIONS = YES;
				CLANG_WARN_DIRECT_OBJC_ISA_USAGE = YES_ERROR;
				CLANG_WARN_DOCUMENTATION_COMMENTS = YES;
				CLANG_WARN_EMPTY_BODY = YES;
				CLANG_WARN_ENUM_CONVERSION = YES;
				CLANG_WARN_INFINITE_RECURSION = YES;
				CLANG_WARN_INT_CONVERSION = YES;
				CLANG_WARN_NON_LITERAL_NULL_CONVERSION = YES;
				CLANG_WARN_OBJC_IMPLICIT_RETAIN_SELF = YES;
				CLANG_WARN_OBJC_LITERAL_CONVERSION = YES;
				CLANG_WARN_OBJC_ROOT_CLASS = YES_ERROR;
				CLANG_WARN_QUOTED_INCLUDE_IN_FRAMEWORK_HEADER = YES;
				CLANG_WARN_RANGE_LOOP_ANALYSIS = YES;
				CLANG_WARN_STRICT_PROTOTYPES = YES;
				CLANG_WARN_SUSPICIOUS_MOVE = YES;
				CLANG_WARN_UNGUARDED_AVAILABILITY = YES_AGGRESSIVE;
				CLANG_WARN_UNREACHABLE_CODE = YES;
				CLANG_WARN__DUPLICATE_METHOD_MATCH = YES;
				COPY_PHASE_STRIP = NO;
				DEBUG_INFORMATION_FORMAT = "dwarf-with-dsym";
				ENABLE_NS_ASSERTIONS = NO;
				ENABLE_STRICT_OBJC_MSGSEND = YES;
				GCC_C_LANGUAGE_STANDARD = gnu11;
				GCC_NO_COMMON_BLOCKS = YES;
				GCC_WARN_64_TO_32_BIT_CONVERSION = YES;
				GCC_WARN_ABOUT_RETURN_TYPE = YES_ERROR;
				GCC_WARN_UNDECLARED_SELECTOR = YES;
				GCC_WARN_UNINITIALIZED_AUTOS = YES_AGGRESSIVE;
				GCC_WARN_UNUSED_FUNCTION = YES;
				GCC_WARN_UNUSED_VARIABLE = YES;
				IPHONEOS_DEPLOYMENT_TARGET = 16.2;
				MTL_ENABLE_DEBUG_INFO = NO;
				MTL_FAST_MATH = YES;
				SDKROOT = iphoneos;
				SWIFT_COMPILATION_MODE = wholemodule;
				SWIFT_OPTIMIZATION_LEVEL = "-O";
				VALIDATE_PRODUCT = YES;
			};
			name = Release;
		};
		649DCD212A16F93C00758751 /* Debug */ = {
			isa = XCBuildConfiguration;
			buildSettings = {
				ASSETCATALOG_COMPILER_APPICON_NAME = AppIcon;
				ASSETCATALOG_COMPILER_GLOBAL_ACCENT_COLOR_NAME = AccentColor;
				CODE_SIGN_STYLE = Automatic;
				CURRENT_PROJECT_VERSION = 1;
				DEVELOPMENT_ASSET_PATHS = "\"aplicativo/Preview Content\"";
				ENABLE_PREVIEWS = YES;
				GENERATE_INFOPLIST_FILE = YES;
				INFOPLIST_KEY_UIApplicationSceneManifest_Generation = YES;
				INFOPLIST_KEY_UIApplicationSupportsIndirectInputEvents = YES;
				INFOPLIST_KEY_UILaunchScreen_Generation = YES;
				INFOPLIST_KEY_UISupportedInterfaceOrientations_iPad = "UIInterfaceOrientationPortrait UIInterfaceOrientationPortraitUpsideDown UIInterfaceOrientationLandscapeLeft UIInterfaceOrientationLandscapeRight";
				INFOPLIST_KEY_UISupportedInterfaceOrientations_iPhone = "UIInterfaceOrientationPortrait UIInterfaceOrientationLandscapeLeft UIInterfaceOrientationLandscapeRight";
				LD_RUNPATH_SEARCH_PATHS = (
					"$(inherited)",
					"@executable_path/Frameworks",
				);
				MARKETING_VERSION = 1.0;
				PRODUCT_BUNDLE_IDENTIFIER = lucaelel.aplicativo;
				PRODUCT_NAME = "$(TARGET_NAME)";
				SWIFT_EMIT_LOC_STRINGS = YES;
				SWIFT_VERSION = 5.0;
				TARGETED_DEVICE_FAMILY = "1,2";
			};
			name = Debug;
		};
		649DCD222A16F93C00758751 /* Release */ = {
			isa = XCBuildConfiguration;
			buildSettings = {
				ASSETCATALOG_COMPILER_APPICON_NAME = AppIcon;
				ASSETCATALOG_COMPILER_GLOBAL_ACCENT_COLOR_NAME = AccentColor;
				CODE_SIGN_STYLE = Automatic;
				CURRENT_PROJECT_VERSION = 1;
				DEVELOPMENT_ASSET_PATHS = "\"aplicativo/Preview Content\"";
				ENABLE_PREVIEWS = YES;
				GENERATE_INFOPLIST_FILE = YES;
				INFOPLIST_KEY_UIApplicationSceneManifest_Generation = YES;
				INFOPLIST_KEY_UIApplicationSupportsIndirectInputEvents = YES;
				INFOPLIST_KEY_UILaunchScreen_Generation = YES;
				INFOPLIST_KEY_UISupportedInterfaceOrientations_iPad = "UIInterfaceOrientationPortrait UIInterfaceOrientationPortraitUpsideDown UIInterfaceOrientationLandscapeLeft UIInterfaceOrientationLandscapeRight";
				INFOPLIST_KEY_UISupportedInterfaceOrientations_iPhone = "UIInterfaceOrientationPortrait UIInterfaceOrientationLandscapeLeft UIInterfaceOrientationLandscapeRight";
				LD_RUNPATH_SEARCH_PATHS = (
					"$(inherited)",
					"@executable_path/Frameworks",
				);
				MARKETING_VERSION = 1.0;
				PRODUCT_BUNDLE_IDENTIFIER = lucaelel.aplicativo;
				PRODUCT_NAME = "$(TARGET_NAME)";
				SWIFT_EMIT_LOC_STRINGS = YES;
				SWIFT_VERSION = 5.0;
				TARGETED_DEVICE_FAMILY = "1,2";
			};
			name = Release;
		};
		649DCD242A16F93C00758751 /* Debug */ = {
			isa = XCBuildConfiguration;
			buildSettings = {
				ALWAYS_EMBED_SWIFT_STANDARD_LIBRARIES = YES;
				BUNDLE_LOADER = "$(TEST_HOST)";
				CODE_SIGN_STYLE = Automatic;
				CURRENT_PROJECT_VERSION = 1;
				GENERATE_INFOPLIST_FILE = YES;
				IPHONEOS_DEPLOYMENT_TARGET = 16.2;
				MARKETING_VERSION = 1.0;
				PRODUCT_BUNDLE_IDENTIFIER = lucaelel.aplicativoTests;
				PRODUCT_NAME = "$(TARGET_NAME)";
				SWIFT_EMIT_LOC_STRINGS = NO;
				SWIFT_VERSION = 5.0;
				TARGETED_DEVICE_FAMILY = "1,2";
				TEST_HOST = "$(BUILT_PRODUCTS_DIR)/aplicativo.app/$(BUNDLE_EXECUTABLE_FOLDER_PATH)/aplicativo";
			};
			name = Debug;
		};
		649DCD252A16F93C00758751 /* Release */ = {
			isa = XCBuildConfiguration;
			buildSettings = {
				ALWAYS_EMBED_SWIFT_STANDARD_LIBRARIES = YES;
				BUNDLE_LOADER = "$(TEST_HOST)";
				CODE_SIGN_STYLE = Automatic;
				CURRENT_PROJECT_VERSION = 1;
				GENERATE_INFOPLIST_FILE = YES;
				IPHONEOS_DEPLOYMENT_TARGET = 16.2;
				MARKETING_VERSION = 1.0;
				PRODUCT_BUNDLE_IDENTIFIER = lucaelel.aplicativoTests;
				PRODUCT_NAME = "$(TARGET_NAME)";
				SWIFT_EMIT_LOC_STRINGS = NO;
				SWIFT_VERSION = 5.0;
				TARGETED_DEVICE_FAMILY = "1,2";
				TEST_HOST = "$(BUILT_PRODUCTS_DIR)/aplicativo.app/$(BUNDLE_EXECUTABLE_FOLDER_PATH)/aplicativo";
			};
			name = Release;
		};
		649DCD272A16F93C00758751 /* Debug */ = {
			isa = XCBuildConfiguration;
			buildSettings = {
				ALWAYS_EMBED_SWIFT_STANDARD_LIBRARIES = YES;
				CODE_SIGN_STYLE = Automatic;
				CURRENT_PROJECT_VERSION = 1;
				GENERATE_INFOPLIST_FILE = YES;
				MARKETING_VERSION = 1.0;
				PRODUCT_BUNDLE_IDENTIFIER = lucaelel.aplicativoUITests;
				PRODUCT_NAME = "$(TARGET_NAME)";
				SWIFT_EMIT_LOC_STRINGS = NO;
				SWIFT_VERSION = 5.0;
				TARGETED_DEVICE_FAMILY = "1,2";
				TEST_TARGET_NAME = aplicativo;
			};
			name = Debug;
		};
		649DCD282A16F93C00758751 /* Release */ = {
			isa = XCBuildConfiguration;
			buildSettings = {
				ALWAYS_EMBED_SWIFT_STANDARD_LIBRARIES = YES;
				CODE_SIGN_STYLE = Automatic;
				CURRENT_PROJECT_VERSION = 1;
				GENERATE_INFOPLIST_FILE = YES;
				MARKETING_VERSION = 1.0;
				PRODUCT_BUNDLE_IDENTIFIER = lucaelel.aplicativoUITests;
				PRODUCT_NAME = "$(TARGET_NAME)";
				SWIFT_EMIT_LOC_STRINGS = NO;
				SWIFT_VERSION = 5.0;
				TARGETED_DEVICE_FAMILY = "1,2";
				TEST_TARGET_NAME = aplicativo;
			};
			name = Release;
		};
/* End XCBuildConfiguration section */

/* Begin XCConfigurationList section */
		649DCCF72A16F93800758751 /* Build configuration list for PBXProject "aplicativo" */ = {
			isa = XCConfigurationList;
			buildConfigurations = (
				649DCD1E2A16F93C00758751 /* Debug */,
				649DCD1F2A16F93C00758751 /* Release */,
			);
			defaultConfigurationIsVisible = 0;
			defaultConfigurationName = Release;
		};
		649DCD202A16F93C00758751 /* Build configuration list for PBXNativeTarget "aplicativo" */ = {
			isa = XCConfigurationList;
			buildConfigurations = (
				649DCD212A16F93C00758751 /* Debug */,
				649DCD222A16F93C00758751 /* Release */,
			);
			defaultConfigurationIsVisible = 0;
			defaultConfigurationName = Release;
		};
		649DCD232A16F93C00758751 /* Build configuration list for PBXNativeTarget "aplicativoTests" */ = {
			isa = XCConfigurationList;
			buildConfigurations = (
				649DCD242A16F93C00758751 /* Debug */,
				649DCD252A16F93C00758751 /* Release */,
			);
			defaultConfigurationIsVisible = 0;
			defaultConfigurationName = Release;
		};
		649DCD262A16F93C00758751 /* Build configuration list for PBXNativeTarget "aplicativoUITests" */ = {
			isa = XCConfigurationList;
			buildConfigurations = (
				649DCD272A16F93C00758751 /* Debug */,
				649DCD282A16F93C00758751 /* Release */,
			);
			defaultConfigurationIsVisible = 0;
			defaultConfigurationName = Release;
		};
/* End XCConfigurationList section */
	};
	rootObject = 649DCCF42A16F93800758751 /* Project object */;
}
